
Microsoft Visual Studio Solution File, Format Version 12.00
# Visual Studio Version 17
VisualStudioVersion = 17.6.33723.286
MinimumVisualStudioVersion = 10.0.40219.1
Project("{FAE04EC0-301F-11D3-BF4B-00C04F79EFBC}") = "ClassLibrary1", "ClassLibrary1\ClassLibrary1.csproj", "{0E816F17-8B02-4420-BB2D-5BF799DD78E8}"
EndProject
Global
	GlobalSection(SolutionConfigurationPlatforms) = preSolution
		Debug|Any CPU = Debug|Any CPU
		Release|Any CPU = Release|Any CPU
	EndGlobalSection
	GlobalSection(ProjectConfigurationPlatforms) = postSolution
		{0E816F17-8B02-4420-BB2D-5BF799DD78E8}.Debug|Any CPU.ActiveCfg = Debug|Any CPU
		{0E816F17-8B02-4420-BB2D-5BF799DD78E8}.Debug|Any CPU.Build.0 = Debug|Any CPU
		{0E816F17-8B02-4420-BB2D-5BF799DD78E8}.Release|Any CPU.ActiveCfg = Release|Any CPU
		{0E816F17-8B02-4420-BB2D-5BF799DD78E8}.Release|Any CPU.Build.0 = Release|Any CPU
	EndGlobalSection
	GlobalSection(SolutionProperties) = preSolution
		HideSolutionNode = FALSE
	EndGlobalSection
	GlobalSection(ExtensibilityGlobals) = postSolution
		SolutionGuid = {2D508486-8E55-47ED-98B6-CB31A5B54843}
	EndGlobalSection
EndGlobal
